
Microsoft Visual Studio Solution File, Format Version 12.00
# Visual Studio Version 17
VisualStudioVersion = 17.5.002.0
MinimumVisualStudioVersion = 10.0.40219.1
Project("{9A19103F-16F7-4668-BE54-9A1E7A4F7556}") = "tech-test-payment-api", "tech-test-payment-api.csproj", "{2AB5D306-1630-4C06-84FF-15F7165275E8}"
EndProject
Global
	GlobalSection(SolutionConfigurationPlatforms) = preSolution
		Debug|Any CPU = Debug|Any CPU
		Release|Any CPU = Release|Any CPU
	EndGlobalSection
	GlobalSection(ProjectConfigurationPlatforms) = postSolution
		{2AB5D306-1630-4C06-84FF-15F7165275E8}.Debug|Any CPU.ActiveCfg = Debug|Any CPU
		{2AB5D306-1630-4C06-84FF-15F7165275E8}.Debug|Any CPU.Build.0 = Debug|Any CPU
		{2AB5D306-1630-4C06-84FF-15F7165275E8}.Release|Any CPU.ActiveCfg = Release|Any CPU
		{2AB5D306-1630-4C06-84FF-15F7165275E8}.Release|Any CPU.Build.0 = Release|Any CPU
	EndGlobalSection
	GlobalSection(SolutionProperties) = preSolution
		HideSolutionNode = FALSE
	EndGlobalSection
	GlobalSection(ExtensibilityGlobals) = postSolution
		SolutionGuid = {CF008D7C-C5D9-4CAD-9A4E-FBDD00278F1C}
	EndGlobalSection
EndGlobal
